// !$*UTF8*$!
{
	archiveVersion = 1;
	classes = {
	};
	objectVersion = 46;
	objects = {

/* Begin PBXBuildFile section */
		F65855591C8434230005D954 /* AppDelegate.swift in Sources */ = {isa = PBXBuildFile; fileRef = F65855581C8434230005D954 /* AppDelegate.swift */; };
		F658555B1C8434230005D954 /* ViewController.swift in Sources */ = {isa = PBXBuildFile; fileRef = F658555A1C8434230005D954 /* ViewController.swift */; };
		F658555E1C8434230005D954 /* Main.storyboard in Resources */ = {isa = PBXBuildFile; fileRef = F658555C1C8434230005D954 /* Main.storyboard */; };
		F65855601C8434230005D954 /* Assets.xcassets in Resources */ = {isa = PBXBuildFile; fileRef = F658555F1C8434230005D954 /* Assets.xcassets */; };
		F65855631C8434230005D954 /* LaunchScreen.storyboard in Resources */ = {isa = PBXBuildFile; fileRef = F65855611C8434230005D954 /* LaunchScreen.storyboard */; };
		F658556E1C843E450005D954 /* board.png in Resources */ = {isa = PBXBuildFile; fileRef = F658556B1C843E450005D954 /* board.png */; };
		F658556F1C843E450005D954 /* cross.png in Resources */ = {isa = PBXBuildFile; fileRef = F658556C1C843E450005D954 /* cross.png */; };
		F65855701C843E450005D954 /* nought.png in Resources */ = {isa = PBXBuildFile; fileRef = F658556D1C843E450005D954 /* nought.png */; };
/* End PBXBuildFile section */

/* Begin PBXFileReference section */
		F65855551C8434230005D954 /* UCI9DC L70 TicTacToe.app */ = {isa = PBXFileReference; explicitFileType = wrapper.application; includeInIndex = 0; path = "UCI9DC L70 TicTacToe.app"; sourceTree = BUILT_PRODUCTS_DIR; };
		F65855581C8434230005D954 /* AppDelegate.swift */ = {isa = PBXFileReference; lastKnownFileType = sourcecode.swift; path = AppDelegate.swift; sourceTree = "<group>"; };
		F658555A1C8434230005D954 /* ViewController.swift */ = {isa = PBXFileReference; lastKnownFileType = sourcecode.swift; path = ViewController.swift; sourceTree = "<group>"; };
		F658555D1C8434230005D954 /* Base */ = {isa = PBXFileReference; lastKnownFileType = file.storyboard; name = Base; path = Base.lproj/Main.storyboard; sourceTree = "<group>"; };
		F658555F1C8434230005D954 /* Assets.xcassets */ = {isa = PBXFileReference; lastKnownFileType = folder.assetcatalog; path = Assets.xcassets; sourceTree = "<group>"; };
		F65855621C8434230005D954 /* Base */ = {isa = PBXFileReference; lastKnownFileType = file.storyboard; name = Base; path = Base.lproj/LaunchScreen.storyboard; sourceTree = "<group>"; };
		F65855641C8434230005D954 /* Info.plist */ = {isa = PBXFileReference; lastKnownFileType = text.plist.xml; path = Info.plist; sourceTree = "<group>"; };
		F658556B1C843E450005D954 /* board.png */ = {isa = PBXFileReference; lastKnownFileType = image.png; path = board.png; sourceTree = "<group>"; };
		F658556C1C843E450005D954 /* cross.png */ = {isa = PBXFileReference; lastKnownFileType = image.png; path = cross.png; sourceTree = "<group>"; };
		F658556D1C843E450005D954 /* nought.png */ = {isa = PBXFileReference; lastKnownFileType = image.png; path = nought.png; sourceTree = "<group>"; };
/* End PBXFileReference section */

/* Begin PBXFrameworksBuildPhase section */
		F65855521C8434230005D954 /* Frameworks */ = {
			isa = PBXFrameworksBuildPhase;
			buildActionMask = 2147483647;
			files = (
			);
			runOnlyForDeploymentPostprocessing = 0;
		};
/* End PBXFrameworksBuildPhase section */

/* Begin PBXGroup section */
		F658554C1C8434230005D954 = {
			isa = PBXGroup;
			children = (
				F65855571C8434230005D954 /* UCI9DC L70 TicTacToe */,
				F65855561C8434230005D954 /* Products */,
			);
			sourceTree = "<group>";
		};
		F65855561C8434230005D954 /* Products */ = {
			isa = PBXGroup;
			children = (
				F65855551C8434230005D954 /* UCI9DC L70 TicTacToe.app */,
			);
			name = Products;
			sourceTree = "<group>";
		};
		F65855571C8434230005D954 /* UCI9DC L70 TicTacToe */ = {
			isa = PBXGroup;
			children = (
				F658556A1C843E2E0005D954 /* Images */,
				F65855581C8434230005D954 /* AppDelegate.swift */,
				F658555A1C8434230005D954 /* ViewController.swift */,
				F658555C1C8434230005D954 /* Main.storyboard */,
				F658555F1C8434230005D954 /* Assets.xcassets */,
				F65855611C8434230005D954 /* LaunchScreen.storyboard */,
				F65855641C8434230005D954 /* Info.plist */,
			);
			path = "UCI9DC L70 TicTacToe";
			sourceTree = "<group>";
		};
		F658556A1C843E2E0005D954 /* Images */ = {
			isa = PBXGroup;
			children = (
				F658556B1C843E450005D954 /* board.png */,
				F658556C1C843E450005D954 /* cross.png */,
				F658556D1C843E450005D954 /* nought.png */,
			);
			name = Images;
			path = images;
			sourceTree = "<group>";
		};
/* End PBXGroup section */

/* Begin PBXNativeTarget section */
		F65855541C8434230005D954 /* UCI9DC L70 TicTacToe */ = {
			isa = PBXNativeTarget;
			buildConfigurationList = F65855671C8434230005D954 /* Build configuration list for PBXNativeTarget "UCI9DC L70 TicTacToe" */;
			buildPhases = (
				F65855511C8434230005D954 /* Sources */,
				F65855521C8434230005D954 /* Frameworks */,
				F65855531C8434230005D954 /* Resources */,
			);
			buildRules = (
			);
			dependencies = (
			);
			name = "UCI9DC L70 TicTacToe";
			productName = "UCI9DC L70 TicTacToe";
			productReference = F65855551C8434230005D954 /* UCI9DC L70 TicTacToe.app */;
			productType = "com.apple.product-type.application";
		};
/* End PBXNativeTarget section */

/* Begin PBXProject section */
		F658554D1C8434230005D954 /* Project object */ = {
			isa = PBXProject;
			attributes = {
				LastSwiftUpdateCheck = 0720;
				LastUpgradeCheck = 0720;
				ORGANIZATIONNAME = "Stanislav Sidelnikov";
				TargetAttributes = {
					F65855541C8434230005D954 = {
						CreatedOnToolsVersion = 7.2.1;
						DevelopmentTeam = 5C9TGFA48W;
					};
				};
			};
			buildConfigurationList = F65855501C8434230005D954 /* Build configuration list for PBXProject "UCI9DC L70 TicTacToe" */;
			compatibilityVersion = "Xcode 3.2";
			developmentRegion = English;
			hasScannedForEncodings = 0;
			knownRegions = (
				en,
				Base,
			);
			mainGroup = F658554C1C8434230005D954;
			productRefGroup = F65855561C8434230005D954 /* Products */;
			projectDirPath = "";
			projectRoot = "";
			targets = (
				F65855541C8434230005D954 /* UCI9DC L70 TicTacToe */,
			);
		};
/* End PBXProject section */

/* Begin PBXResourcesBuildPhase section */
		F65855531C8434230005D954 /* Resources */ = {
			isa = PBXResourcesBuildPhase;
			buildActionMask = 2147483647;
			files = (
				F658556F1C843E450005D954 /* cross.png in Resources */,
				F658556E1C843E450005D954 /* board.png in Resources */,
				F65855701C843E450005D954 /* nought.png in Resources */,
				F65855631C8434230005D954 /* LaunchScreen.storyboard in Resources */,
				F65855601C8434230005D954 /* Assets.xcassets in Resources */,
				F658555E1C8434230005D954 /* Main.storyboard in Resources */,
			);
			runOnlyForDeploymentPostprocessing = 0;
		};
/* End PBXResourcesBuildPhase section */

/* Begin PBXSourcesBuildPhase section */
		F65855511C8434230005D954 /* Sources */ = {
			isa = PBXSourcesBuildPhase;
			buildActionMask = 2147483647;
			files = (
				F658555B1C8434230005D954 /* ViewController.swift in Sources */,
				F65855591C8434230005D954 /* AppDelegate.swift in Sources */,
			);
			runOnlyForDeploymentPostprocessing = 0;
		};
/* End PBXSourcesBuildPhase section */

/* Begin PBXVariantGroup section */
		F658555C1C8434230005D954 /* Main.storyboard */ = {
			isa = PBXVariantGroup;
			children = (
				F658555D1C8434230005D954 /* Base */,
			);
			name = Main.storyboard;
			sourceTree = "<group>";
		};
		F65855611C8434230005D954 /* LaunchScreen.storyboard */ = {
			isa = PBXVariantGroup;
			children = (
				F65855621C8434230005D954 /* Base */,
			);
			name = LaunchScreen.storyboard;
			sourceTree = "<group>";
		};
/* End PBXVariantGroup section */

/* Begin XCBuildConfiguration section */
		F65855651C8434230005D954 /* Debug */ = {
			isa = XCBuildConfiguration;
			buildSettings = {
				ALWAYS_SEARCH_USER_PATHS = NO;
				CLANG_CXX_LANGUAGE_STANDARD = "gnu++0x";
				CLANG_CXX_LIBRARY = "libc++";
				CLANG_ENABLE_MODULES = YES;
				CLANG_ENABLE_OBJC_ARC = YES;
				CLANG_WARN_BOOL_CONVERSION = YES;
				CLANG_WARN_CONSTANT_CONVERSION = YES;
				CLANG_WARN_DIRECT_OBJC_ISA_USAGE = YES_ERROR;
				CLANG_WARN_EMPTY_BODY = YES;
				CLANG_WARN_ENUM_CONVERSION = YES;
				CLANG_WARN_INT_CONVERSION = YES;
				CLANG_WARN_OBJC_ROOT_CLASS = YES_ERROR;
				CLANG_WARN_UNREACHABLE_CODE = YES;
				CLANG_WARN__DUPLICATE_METHOD_MATCH = YES;
				"CODE_SIGN_IDENTITY[sdk=iphoneos*]" = "iPhone Developer";
				COPY_PHASE_STRIP = NO;
				DEBUG_INFORMATION_FORMAT = dwarf;
				ENABLE_STRICT_OBJC_MSGSEND = YES;
				ENABLE_TESTABILITY = YES;
				GCC_C_LANGUAGE_STANDARD = gnu99;
				GCC_DYNAMIC_NO_PIC = NO;
				GCC_NO_COMMON_BLOCKS = YES;
				GCC_OPTIMIZATION_LEVEL = 0;
				GCC_PREPROCESSOR_DEFINITIONS = (
					"DEBUG=1",
					"$(inherited)",
				);
				GCC_WARN_64_TO_32_BIT_CONVERSION = YES;
				GCC_WARN_ABOUT_RETURN_TYPE = YES_ERROR;
				GCC_WARN_UNDECLARED_SELECTOR = YES;
				GCC_WARN_UNINITIALIZED_AUTOS = YES_AGGRESSIVE;
				GCC_WARN_UNUSED_FUNCTION = YES;
				GCC_WARN_UNUSED_VARIABLE = YES;
				IPHONEOS_DEPLOYMENT_TARGET = 9.2;
				MTL_ENABLE_DEBUG_INFO = YES;
				ONLY_ACTIVE_ARCH = YES;
				SDKROOT = iphoneos;
				SWIFT_OPTIMIZATION_LEVEL = "-Onone";
			};
			name = Debug;
		};
		F65855661C8434230005D954 /* Release */ = {
			isa = XCBuildConfiguration;
			buildSettings = {
				ALWAYS_SEARCH_USER_PATHS = NO;
				CLANG_CXX_LANGUAGE_STANDARD = "gnu++0x";
				CLANG_CXX_LIBRARY = "libc++";
				CLANG_ENABLE_MODULES = YES;
				CLANG_ENABLE_OBJC_ARC = YES;
				CLANG_WARN_BOOL_CONVERSION = YES;
				CLANG_WARN_CONSTANT_CONVERSION = YES;
				CLANG_WARN_DIRECT_OBJC_ISA_USAGE = YES_ERROR;
				CLANG_WARN_EMPTY_BODY = YES;
				CLANG_WARN_ENUM_CONVERSION = YES;
				CLANG_WARN_INT_CONVERSION = YES;
				CLANG_WARN_OBJC_ROOT_CLASS = YES_ERROR;
				CLANG_WARN_UNREACHABLE_CODE = YES;
				CLANG_WARN__DUPLICATE_METHOD_MATCH = YES;
				"CODE_SIGN_IDENTITY[sdk=iphoneos*]" = "iPhone Developer";
				COPY_PHASE_STRIP = NO;
				DEBUG_INFORMATION_FORMAT = "dwarf-with-dsym";
				ENABLE_NS_ASSERTIONS = NO;
				ENABLE_STRICT_OBJC_MSGSEND = YES;
				GCC_C_LANGUAGE_STANDARD = gnu99;
				GCC_NO_COMMON_BLOCKS = YES;
				GCC_WARN_64_TO_32_BIT_CONVERSION = YES;
				GCC_WARN_ABOUT_RETURN_TYPE = YES_ERROR;
				GCC_WARN_UNDECLARED_SELECTOR = YES;
				GCC_WARN_UNINITIALIZED_AUTOS = YES_AGGRESSIVE;
				GCC_WARN_UNUSED_FUNCTION = YES;
				GCC_WARN_UNUSED_VARIABLE = YES;
				IPHONEOS_DEPLOYMENT_TARGET = 9.2;
				MTL_ENABLE_DEBUG_INFO = NO;
				SDKROOT = iphoneos;
				VALIDATE_PRODUCT = YES;
			};
			name = Release;
		};
		F65855681C8434230005D954 /* Debug */ = {
			isa = XCBuildConfiguration;
			buildSettings = {
				ASSETCATALOG_COMPILER_APPICON_NAME = AppIcon;
				INFOPLIST_FILE = "UCI9DC L70 TicTacToe/Info.plist";
				LD_RUNPATH_SEARCH_PATHS = "$(inherited) @executable_path/Frameworks";
				PRODUCT_BUNDLE_IDENTIFIER = "com.stansidel.UCI9DC-L70-TicTacToe";
				PRODUCT_NAME = "$(TARGET_NAME)";
			};
			name = Debug;
		};
		F65855691C8434230005D954 /* Release */ = {
			isa = XCBuildConfiguration;
			buildSettings = {
				ASSETCATALOG_COMPILER_APPICON_NAME = AppIcon;
				INFOPLIST_FILE = "UCI9DC L70 TicTacToe/Info.plist";
				LD_RUNPATH_SEARCH_PATHS = "$(inherited) @executable_path/Frameworks";
				PRODUCT_BUNDLE_IDENTIFIER = "com.stansidel.UCI9DC-L70-TicTacToe";
				PRODUCT_NAME = "$(TARGET_NAME)";
			};
			name = Release;
		};
/* End XCBuildConfiguration section */

/* Begin XCConfigurationList section */
		F65855501C8434230005D954 /* Build configuration list for PBXProject "UCI9DC L70 TicTacToe" */ = {
			isa = XCConfigurationList;
			buildConfigurations = (
				F65855651C8434230005D954 /* Debug */,
				F65855661C8434230005D954 /* Release */,
			);
			defaultConfigurationIsVisible = 0;
			defaultConfigurationName = Release;
		};
		F65855671C8434230005D954 /* Build configuration list for PBXNativeTarget "UCI9DC L70 TicTacToe" */ = {
			isa = XCConfigurationList;
			buildConfigurations = (
				F65855681C8434230005D954 /* Debug */,
				F65855691C8434230005D954 /* Release */,
			);
			defaultConfigurationIsVisible = 0;
		};
/* End XCConfigurationList section */
	};
	rootObject = F658554D1C8434230005D954 /* Project object */;
}
